// !$*UTF8*$!
{
	archiveVersion = 1;
	classes = {
	};
	objectVersion = 56;
	objects = {

/* Begin PBXBuildFile section */
		6254BB7729487A4A0089F26D /* NSNotificationName.swift in Sources */ = {isa = PBXBuildFile; fileRef = 6254BB7629487A4A0089F26D /* NSNotificationName.swift */; };
		6254BB7929487CC90089F26D /* UITextField+SecureToggle.swift in Sources */ = {isa = PBXBuildFile; fileRef = 6254BB7829487CC90089F26D /* UITextField+SecureToggle.swift */; };
		628243C429477DAD003CB497 /* AccountSummaryCell.swift in Sources */ = {isa = PBXBuildFile; fileRef = 628243C329477DAD003CB497 /* AccountSummaryCell.swift */; };
		628243C62947D36D003CB497 /* Decimal+Utils.swift in Sources */ = {isa = PBXBuildFile; fileRef = 628243C52947D36D003CB497 /* Decimal+Utils.swift */; };
		628243C82947D3FC003CB497 /* CurrencyFormatter.swift in Sources */ = {isa = PBXBuildFile; fileRef = 628243C72947D3FC003CB497 /* CurrencyFormatter.swift */; };
		628243D72947DFA1003CB497 /* CurrencyFormatterTests.swift in Sources */ = {isa = PBXBuildFile; fileRef = 628243D62947DFA1003CB497 /* CurrencyFormatterTests.swift */; };
		62BF50502972025800FE5123 /* ShakeyBellView.swift in Sources */ = {isa = PBXBuildFile; fileRef = 62BF504F2972025800FE5123 /* ShakeyBellView.swift */; };
		62BF505229757F2800FE5123 /* Date+Utils.swift in Sources */ = {isa = PBXBuildFile; fileRef = 62BF505129757F2800FE5123 /* Date+Utils.swift */; };
		62BF5054297580EA00FE5123 /* AccountSummaryViewController+Networking.swift in Sources */ = {isa = PBXBuildFile; fileRef = 62BF5053297580EA00FE5123 /* AccountSummaryViewController+Networking.swift */; };
		62BF5058297589BC00FE5123 /* ProfileTests.swift in Sources */ = {isa = PBXBuildFile; fileRef = 62BF5057297589BC00FE5123 /* ProfileTests.swift */; };
		62BF505A29758A3900FE5123 /* AccountTests.swift in Sources */ = {isa = PBXBuildFile; fileRef = 62BF505929758A3900FE5123 /* AccountTests.swift */; };
		62C667BD293F5DD6006750A4 /* AppDelegate.swift in Sources */ = {isa = PBXBuildFile; fileRef = 62C667BC293F5DD6006750A4 /* AppDelegate.swift */; };
		62C667C1293F5DD6006750A4 /* LoginViewController.swift in Sources */ = {isa = PBXBuildFile; fileRef = 62C667C0293F5DD6006750A4 /* LoginViewController.swift */; };
		62C667C6293F5DD9006750A4 /* Assets.xcassets in Resources */ = {isa = PBXBuildFile; fileRef = 62C667C5293F5DD9006750A4 /* Assets.xcassets */; };
		62C667C9293F5DD9006750A4 /* LaunchScreen.storyboard in Resources */ = {isa = PBXBuildFile; fileRef = 62C667C7293F5DD9006750A4 /* LaunchScreen.storyboard */; };
		62C667F0293F6D30006750A4 /* LoginView.swift in Sources */ = {isa = PBXBuildFile; fileRef = 62C667EF293F6D30006750A4 /* LoginView.swift */; };
		62C667F3294383B0006750A4 /* OnboardingContainerViewController.swift in Sources */ = {isa = PBXBuildFile; fileRef = 62C667F2294383B0006750A4 /* OnboardingContainerViewController.swift */; };
		62C667F52943884D006750A4 /* OnboardingViewController.swift in Sources */ = {isa = PBXBuildFile; fileRef = 62C667F42943884D006750A4 /* OnboardingViewController.swift */; };
		62C667F729463E97006750A4 /* DummyViewController.swift in Sources */ = {isa = PBXBuildFile; fileRef = 62C667F629463E97006750A4 /* DummyViewController.swift */; };
		62C667FA2946540B006750A4 /* LocalState.swift in Sources */ = {isa = PBXBuildFile; fileRef = 62C667F92946540B006750A4 /* LocalState.swift */; };
		62C667FC294695D7006750A4 /* UIViewController+Utils.swift in Sources */ = {isa = PBXBuildFile; fileRef = 62C667FB294695D7006750A4 /* UIViewController+Utils.swift */; };
		62C667FE29469886006750A4 /* MainViewController.swift in Sources */ = {isa = PBXBuildFile; fileRef = 62C667FD29469886006750A4 /* MainViewController.swift */; };
		62C6680129475777006750A4 /* AccountSummaryViewController.swift in Sources */ = {isa = PBXBuildFile; fileRef = 62C6680029475777006750A4 /* AccountSummaryViewController.swift */; };
		62C6680329475A50006750A4 /* AccountSummaryHeaderView.swift in Sources */ = {isa = PBXBuildFile; fileRef = 62C6680229475A50006750A4 /* AccountSummaryHeaderView.swift */; };
		62C6680529475AAB006750A4 /* AccountSummaryHeaderView.xib in Resources */ = {isa = PBXBuildFile; fileRef = 62C6680429475AAB006750A4 /* AccountSummaryHeaderView.xib */; };
/* End PBXBuildFile section */

/* Begin PBXContainerItemProxy section */
		628243D12947DDE0003CB497 /* PBXContainerItemProxy */ = {
			isa = PBXContainerItemProxy;
			containerPortal = 62C667B1293F5DD6006750A4 /* Project object */;
			proxyType = 1;
			remoteGlobalIDString = 62C667B8293F5DD6006750A4;
			remoteInfo = Bankey;
		};
/* End PBXContainerItemProxy section */

/* Begin PBXFileReference section */
		6254BB7629487A4A0089F26D /* NSNotificationName.swift */ = {isa = PBXFileReference; lastKnownFileType = sourcecode.swift; path = NSNotificationName.swift; sourceTree = "<group>"; };
		6254BB7829487CC90089F26D /* UITextField+SecureToggle.swift */ = {isa = PBXFileReference; lastKnownFileType = sourcecode.swift; path = "UITextField+SecureToggle.swift"; sourceTree = "<group>"; };
		628243C329477DAD003CB497 /* AccountSummaryCell.swift */ = {isa = PBXFileReference; lastKnownFileType = sourcecode.swift; path = AccountSummaryCell.swift; sourceTree = "<group>"; };
		628243C52947D36D003CB497 /* Decimal+Utils.swift */ = {isa = PBXFileReference; lastKnownFileType = sourcecode.swift; path = "Decimal+Utils.swift"; sourceTree = "<group>"; };
		628243C72947D3FC003CB497 /* CurrencyFormatter.swift */ = {isa = PBXFileReference; lastKnownFileType = sourcecode.swift; path = CurrencyFormatter.swift; sourceTree = "<group>"; };
		628243CD2947DDE0003CB497 /* BankeyUnitTests.xctest */ = {isa = PBXFileReference; explicitFileType = wrapper.cfbundle; includeInIndex = 0; path = BankeyUnitTests.xctest; sourceTree = BUILT_PRODUCTS_DIR; };
		628243D62947DFA1003CB497 /* CurrencyFormatterTests.swift */ = {isa = PBXFileReference; lastKnownFileType = sourcecode.swift; path = CurrencyFormatterTests.swift; sourceTree = "<group>"; };
		62BF504F2972025800FE5123 /* ShakeyBellView.swift */ = {isa = PBXFileReference; lastKnownFileType = sourcecode.swift; path = ShakeyBellView.swift; sourceTree = "<group>"; };
		62BF505129757F2800FE5123 /* Date+Utils.swift */ = {isa = PBXFileReference; lastKnownFileType = sourcecode.swift; path = "Date+Utils.swift"; sourceTree = "<group>"; };
		62BF5053297580EA00FE5123 /* AccountSummaryViewController+Networking.swift */ = {isa = PBXFileReference; lastKnownFileType = sourcecode.swift; path = "AccountSummaryViewController+Networking.swift"; sourceTree = "<group>"; };
		62BF5057297589BC00FE5123 /* ProfileTests.swift */ = {isa = PBXFileReference; lastKnownFileType = sourcecode.swift; path = ProfileTests.swift; sourceTree = "<group>"; };
		62BF505929758A3900FE5123 /* AccountTests.swift */ = {isa = PBXFileReference; lastKnownFileType = sourcecode.swift; path = AccountTests.swift; sourceTree = "<group>"; };
		62C667B9293F5DD6006750A4 /* Bankey.app */ = {isa = PBXFileReference; explicitFileType = wrapper.application; includeInIndex = 0; path = Bankey.app; sourceTree = BUILT_PRODUCTS_DIR; };
		62C667BC293F5DD6006750A4 /* AppDelegate.swift */ = {isa = PBXFileReference; lastKnownFileType = sourcecode.swift; path = AppDelegate.swift; sourceTree = "<group>"; };
		62C667C0293F5DD6006750A4 /* LoginViewController.swift */ = {isa = PBXFileReference; lastKnownFileType = sourcecode.swift; path = LoginViewController.swift; sourceTree = "<group>"; };
		62C667C5293F5DD9006750A4 /* Assets.xcassets */ = {isa = PBXFileReference; lastKnownFileType = folder.assetcatalog; path = Assets.xcassets; sourceTree = "<group>"; };
		62C667C8293F5DD9006750A4 /* Base */ = {isa = PBXFileReference; lastKnownFileType = file.storyboard; name = Base; path = Base.lproj/LaunchScreen.storyboard; sourceTree = "<group>"; };
		62C667CA293F5DD9006750A4 /* Info.plist */ = {isa = PBXFileReference; lastKnownFileType = text.plist.xml; path = Info.plist; sourceTree = "<group>"; };
		62C667EF293F6D30006750A4 /* LoginView.swift */ = {isa = PBXFileReference; lastKnownFileType = sourcecode.swift; path = LoginView.swift; sourceTree = "<group>"; };
		62C667F2294383B0006750A4 /* OnboardingContainerViewController.swift */ = {isa = PBXFileReference; lastKnownFileType = sourcecode.swift; path = OnboardingContainerViewController.swift; sourceTree = "<group>"; };
		62C667F42943884D006750A4 /* OnboardingViewController.swift */ = {isa = PBXFileReference; lastKnownFileType = sourcecode.swift; path = OnboardingViewController.swift; sourceTree = "<group>"; };
		62C667F629463E97006750A4 /* DummyViewController.swift */ = {isa = PBXFileReference; lastKnownFileType = sourcecode.swift; path = DummyViewController.swift; sourceTree = "<group>"; };
		62C667F92946540B006750A4 /* LocalState.swift */ = {isa = PBXFileReference; lastKnownFileType = sourcecode.swift; path = LocalState.swift; sourceTree = "<group>"; };
		62C667FB294695D7006750A4 /* UIViewController+Utils.swift */ = {isa = PBXFileReference; lastKnownFileType = sourcecode.swift; path = "UIViewController+Utils.swift"; sourceTree = "<group>"; };
		62C667FD29469886006750A4 /* MainViewController.swift */ = {isa = PBXFileReference; lastKnownFileType = sourcecode.swift; path = MainViewController.swift; sourceTree = "<group>"; };
		62C6680029475777006750A4 /* AccountSummaryViewController.swift */ = {isa = PBXFileReference; lastKnownFileType = sourcecode.swift; path = AccountSummaryViewController.swift; sourceTree = "<group>"; };
		62C6680229475A50006750A4 /* AccountSummaryHeaderView.swift */ = {isa = PBXFileReference; lastKnownFileType = sourcecode.swift; path = AccountSummaryHeaderView.swift; sourceTree = "<group>"; };
		62C6680429475AAB006750A4 /* AccountSummaryHeaderView.xib */ = {isa = PBXFileReference; lastKnownFileType = file.xib; path = AccountSummaryHeaderView.xib; sourceTree = "<group>"; };
/* End PBXFileReference section */

/* Begin PBXFrameworksBuildPhase section */
		628243CA2947DDE0003CB497 /* Frameworks */ = {
			isa = PBXFrameworksBuildPhase;
			buildActionMask = 2147483647;
			files = (
			);
			runOnlyForDeploymentPostprocessing = 0;
		};
		62C667B6293F5DD6006750A4 /* Frameworks */ = {
			isa = PBXFrameworksBuildPhase;
			buildActionMask = 2147483647;
			files = (
			);
			runOnlyForDeploymentPostprocessing = 0;
		};
/* End PBXFrameworksBuildPhase section */

/* Begin PBXGroup section */
		628243C129477D4F003CB497 /* Header */ = {
			isa = PBXGroup;
			children = (
				62C6680229475A50006750A4 /* AccountSummaryHeaderView.swift */,
				62C6680429475AAB006750A4 /* AccountSummaryHeaderView.xib */,
			);
			path = Header;
			sourceTree = "<group>";
		};
		628243C229477D75003CB497 /* Cells */ = {
			isa = PBXGroup;
			children = (
				628243C329477DAD003CB497 /* AccountSummaryCell.swift */,
			);
			path = Cells;
			sourceTree = "<group>";
		};
		628243CE2947DDE0003CB497 /* BankeyUnitTests */ = {
			isa = PBXGroup;
			children = (
				62BF50562975897E00FE5123 /* AccountSummary */,
				62BF50552975896100FE5123 /* Utils */,
			);
			path = BankeyUnitTests;
			sourceTree = "<group>";
		};
		62BF504E2972020F00FE5123 /* Components */ = {
			isa = PBXGroup;
			children = (
				62BF504F2972025800FE5123 /* ShakeyBellView.swift */,
			);
			path = Components;
			sourceTree = "<group>";
		};
		62BF50552975896100FE5123 /* Utils */ = {
			isa = PBXGroup;
			children = (
				628243D62947DFA1003CB497 /* CurrencyFormatterTests.swift */,
			);
			path = Utils;
			sourceTree = "<group>";
		};
		62BF50562975897E00FE5123 /* AccountSummary */ = {
			isa = PBXGroup;
			children = (
				62BF5057297589BC00FE5123 /* ProfileTests.swift */,
				62BF505929758A3900FE5123 /* AccountTests.swift */,
			);
			path = AccountSummary;
			sourceTree = "<group>";
		};
		62C667B0293F5DD6006750A4 = {
			isa = PBXGroup;
			children = (
				62C667BB293F5DD6006750A4 /* Bankey */,
				628243CE2947DDE0003CB497 /* BankeyUnitTests */,
				62C667BA293F5DD6006750A4 /* Products */,
			);
			sourceTree = "<group>";
		};
		62C667BA293F5DD6006750A4 /* Products */ = {
			isa = PBXGroup;
			children = (
				62C667B9293F5DD6006750A4 /* Bankey.app */,
				628243CD2947DDE0003CB497 /* BankeyUnitTests.xctest */,
			);
			name = Products;
			sourceTree = "<group>";
		};
		62C667BB293F5DD6006750A4 /* Bankey */ = {
			isa = PBXGroup;
			children = (
				62C667BC293F5DD6006750A4 /* AppDelegate.swift */,
				62C667FD29469886006750A4 /* MainViewController.swift */,
				62C667EE293F6CF0006750A4 /* Login */,
				62C667F12943836F006750A4 /* Onboarding */,
				62C667FF29475729006750A4 /* AccountSummary */,
				62C667F8294653E0006750A4 /* Utils */,
				62BF504E2972020F00FE5123 /* Components */,
				62C667EC293F6C75006750A4 /* Files */,
			);
			path = Bankey;
			sourceTree = "<group>";
		};
		62C667EC293F6C75006750A4 /* Files */ = {
			isa = PBXGroup;
			children = (
				62C667C5293F5DD9006750A4 /* Assets.xcassets */,
				62C667C7293F5DD9006750A4 /* LaunchScreen.storyboard */,
				62C667CA293F5DD9006750A4 /* Info.plist */,
			);
			name = Files;
			sourceTree = "<group>";
		};
		62C667EE293F6CF0006750A4 /* Login */ = {
			isa = PBXGroup;
			children = (
				62C667C0293F5DD6006750A4 /* LoginViewController.swift */,
				62C667EF293F6D30006750A4 /* LoginView.swift */,
				62C667F629463E97006750A4 /* DummyViewController.swift */,
			);
			path = Login;
			sourceTree = "<group>";
		};
		62C667F12943836F006750A4 /* Onboarding */ = {
			isa = PBXGroup;
			children = (
				62C667F2294383B0006750A4 /* OnboardingContainerViewController.swift */,
				62C667F42943884D006750A4 /* OnboardingViewController.swift */,
			);
			path = Onboarding;
			sourceTree = "<group>";
		};
		62C667F8294653E0006750A4 /* Utils */ = {
			isa = PBXGroup;
			children = (
				62C667FB294695D7006750A4 /* UIViewController+Utils.swift */,
				628243C52947D36D003CB497 /* Decimal+Utils.swift */,
				6254BB7829487CC90089F26D /* UITextField+SecureToggle.swift */,
				62C667F92946540B006750A4 /* LocalState.swift */,
				628243C72947D3FC003CB497 /* CurrencyFormatter.swift */,
				6254BB7629487A4A0089F26D /* NSNotificationName.swift */,
				62BF505129757F2800FE5123 /* Date+Utils.swift */,
			);
			path = Utils;
			sourceTree = "<group>";
		};
		62C667FF29475729006750A4 /* AccountSummary */ = {
			isa = PBXGroup;
			children = (
				62C6680029475777006750A4 /* AccountSummaryViewController.swift */,
				62BF5053297580EA00FE5123 /* AccountSummaryViewController+Networking.swift */,
				628243C129477D4F003CB497 /* Header */,
				628243C229477D75003CB497 /* Cells */,
			);
			path = AccountSummary;
			sourceTree = "<group>";
		};
/* End PBXGroup section */

/* Begin PBXNativeTarget section */
		628243CC2947DDE0003CB497 /* BankeyUnitTests */ = {
			isa = PBXNativeTarget;
			buildConfigurationList = 628243D32947DDE0003CB497 /* Build configuration list for PBXNativeTarget "BankeyUnitTests" */;
			buildPhases = (
				628243C92947DDE0003CB497 /* Sources */,
				628243CA2947DDE0003CB497 /* Frameworks */,
				628243CB2947DDE0003CB497 /* Resources */,
			);
			buildRules = (
			);
			dependencies = (
				628243D22947DDE0003CB497 /* PBXTargetDependency */,
			);
			name = BankeyUnitTests;
			productName = BankeyUnitTests;
			productReference = 628243CD2947DDE0003CB497 /* BankeyUnitTests.xctest */;
			productType = "com.apple.product-type.bundle.unit-test";
		};
		62C667B8293F5DD6006750A4 /* Bankey */ = {
			isa = PBXNativeTarget;
			buildConfigurationList = 62C667E3293F5DD9006750A4 /* Build configuration list for PBXNativeTarget "Bankey" */;
			buildPhases = (
				62C667B5293F5DD6006750A4 /* Sources */,
				62C667B6293F5DD6006750A4 /* Frameworks */,
				62C667B7293F5DD6006750A4 /* Resources */,
			);
			buildRules = (
			);
			dependencies = (
			);
			name = Bankey;
			productName = Bankey;
			productReference = 62C667B9293F5DD6006750A4 /* Bankey.app */;
			productType = "com.apple.product-type.application";
		};
/* End PBXNativeTarget section */

/* Begin PBXProject section */
		62C667B1293F5DD6006750A4 /* Project object */ = {
			isa = PBXProject;
			attributes = {
				BuildIndependentTargetsInParallel = 1;
				LastSwiftUpdateCheck = 1410;
				LastUpgradeCheck = 1410;
				TargetAttributes = {
					628243CC2947DDE0003CB497 = {
						CreatedOnToolsVersion = 14.1;
						LastSwiftMigration = 1410;
						TestTargetID = 62C667B8293F5DD6006750A4;
					};
					62C667B8293F5DD6006750A4 = {
						CreatedOnToolsVersion = 14.1;
					};
				};
			};
			buildConfigurationList = 62C667B4293F5DD6006750A4 /* Build configuration list for PBXProject "Bankey" */;
			compatibilityVersion = "Xcode 14.0";
			developmentRegion = en;
			hasScannedForEncodings = 0;
			knownRegions = (
				en,
				Base,
			);
			mainGroup = 62C667B0293F5DD6006750A4;
			productRefGroup = 62C667BA293F5DD6006750A4 /* Products */;
			projectDirPath = "";
			projectRoot = "";
			targets = (
				62C667B8293F5DD6006750A4 /* Bankey */,
				628243CC2947DDE0003CB497 /* BankeyUnitTests */,
			);
		};
/* End PBXProject section */

/* Begin PBXResourcesBuildPhase section */
		628243CB2947DDE0003CB497 /* Resources */ = {
			isa = PBXResourcesBuildPhase;
			buildActionMask = 2147483647;
			files = (
			);
			runOnlyForDeploymentPostprocessing = 0;
		};
		62C667B7293F5DD6006750A4 /* Resources */ = {
			isa = PBXResourcesBuildPhase;
			buildActionMask = 2147483647;
			files = (
				62C6680529475AAB006750A4 /* AccountSummaryHeaderView.xib in Resources */,
				62C667C9293F5DD9006750A4 /* LaunchScreen.storyboard in Resources */,
				62C667C6293F5DD9006750A4 /* Assets.xcassets in Resources */,
			);
			runOnlyForDeploymentPostprocessing = 0;
		};
/* End PBXResourcesBuildPhase section */

/* Begin PBXSourcesBuildPhase section */
		628243C92947DDE0003CB497 /* Sources */ = {
			isa = PBXSourcesBuildPhase;
			buildActionMask = 2147483647;
			files = (
				628243D72947DFA1003CB497 /* CurrencyFormatterTests.swift in Sources */,
				62BF505A29758A3900FE5123 /* AccountTests.swift in Sources */,
				62BF5058297589BC00FE5123 /* ProfileTests.swift in Sources */,
			);
			runOnlyForDeploymentPostprocessing = 0;
		};
		62C667B5293F5DD6006750A4 /* Sources */ = {
			isa = PBXSourcesBuildPhase;
			buildActionMask = 2147483647;
			files = (
				62C667FC294695D7006750A4 /* UIViewController+Utils.swift in Sources */,
				62BF505229757F2800FE5123 /* Date+Utils.swift in Sources */,
				62C667F0293F6D30006750A4 /* LoginView.swift in Sources */,
				62C667FA2946540B006750A4 /* LocalState.swift in Sources */,
				62C6680329475A50006750A4 /* AccountSummaryHeaderView.swift in Sources */,
				6254BB7929487CC90089F26D /* UITextField+SecureToggle.swift in Sources */,
				62C667F729463E97006750A4 /* DummyViewController.swift in Sources */,
				628243C82947D3FC003CB497 /* CurrencyFormatter.swift in Sources */,
				628243C62947D36D003CB497 /* Decimal+Utils.swift in Sources */,
				6254BB7729487A4A0089F26D /* NSNotificationName.swift in Sources */,
				62C667C1293F5DD6006750A4 /* LoginViewController.swift in Sources */,
				62BF50502972025800FE5123 /* ShakeyBellView.swift in Sources */,
				628243C429477DAD003CB497 /* AccountSummaryCell.swift in Sources */,
				62C667F52943884D006750A4 /* OnboardingViewController.swift in Sources */,
				62C667FE29469886006750A4 /* MainViewController.swift in Sources */,
				62C6680129475777006750A4 /* AccountSummaryViewController.swift in Sources */,
				62C667BD293F5DD6006750A4 /* AppDelegate.swift in Sources */,
				62C667F3294383B0006750A4 /* OnboardingContainerViewController.swift in Sources */,
				62BF5054297580EA00FE5123 /* AccountSummaryViewController+Networking.swift in Sources */,
			);
			runOnlyForDeploymentPostprocessing = 0;
		};
/* End PBXSourcesBuildPhase section */

/* Begin PBXTargetDependency section */
		628243D22947DDE0003CB497 /* PBXTargetDependency */ = {
			isa = PBXTargetDependency;
			target = 62C667B8293F5DD6006750A4 /* Bankey */;
			targetProxy = 628243D12947DDE0003CB497 /* PBXContainerItemProxy */;
		};
/* End PBXTargetDependency section */

/* Begin PBXVariantGroup section */
		62C667C7293F5DD9006750A4 /* LaunchScreen.storyboard */ = {
			isa = PBXVariantGroup;
			children = (
				62C667C8293F5DD9006750A4 /* Base */,
			);
			name = LaunchScreen.storyboard;
			sourceTree = "<group>";
		};
/* End PBXVariantGroup section */

/* Begin XCBuildConfiguration section */
		628243D42947DDE0003CB497 /* Debug */ = {
			isa = XCBuildConfiguration;
			buildSettings = {
				BUNDLE_LOADER = "$(TEST_HOST)";
				CLANG_ENABLE_MODULES = YES;
				CODE_SIGN_STYLE = Automatic;
				CURRENT_PROJECT_VERSION = 1;
				DEVELOPMENT_TEAM = VV4DK9PGU2;
				GENERATE_INFOPLIST_FILE = YES;
				LD_RUNPATH_SEARCH_PATHS = (
					"$(inherited)",
					"@executable_path/Frameworks",
					"@loader_path/Frameworks",
				);
				MARKETING_VERSION = 1.0;
				PRODUCT_BUNDLE_IDENTIFIER = com.alib.BankeyUnitTests;
				PRODUCT_NAME = "$(TARGET_NAME)";
				SWIFT_EMIT_LOC_STRINGS = NO;
				SWIFT_OPTIMIZATION_LEVEL = "-Onone";
				SWIFT_VERSION = 5.0;
				TARGETED_DEVICE_FAMILY = "1,2";
				TEST_HOST = "$(BUILT_PRODUCTS_DIR)/Bankey.app/$(BUNDLE_EXECUTABLE_FOLDER_PATH)/Bankey";
			};
			name = Debug;
		};
		628243D52947DDE0003CB497 /* Release */ = {
			isa = XCBuildConfiguration;
			buildSettings = {
				BUNDLE_LOADER = "$(TEST_HOST)";
				CLANG_ENABLE_MODULES = YES;
				CODE_SIGN_STYLE = Automatic;
				CURRENT_PROJECT_VERSION = 1;
				DEVELOPMENT_TEAM = VV4DK9PGU2;
				GENERATE_INFOPLIST_FILE = YES;
				LD_RUNPATH_SEARCH_PATHS = (
					"$(inherited)",
					"@executable_path/Frameworks",
					"@loader_path/Frameworks",
				);
				MARKETING_VERSION = 1.0;
				PRODUCT_BUNDLE_IDENTIFIER = com.alib.BankeyUnitTests;
				PRODUCT_NAME = "$(TARGET_NAME)";
				SWIFT_EMIT_LOC_STRINGS = NO;
				SWIFT_VERSION = 5.0;
				TARGETED_DEVICE_FAMILY = "1,2";
				TEST_HOST = "$(BUILT_PRODUCTS_DIR)/Bankey.app/$(BUNDLE_EXECUTABLE_FOLDER_PATH)/Bankey";
			};
			name = Release;
		};
		62C667E1293F5DD9006750A4 /* Debug */ = {
			isa = XCBuildConfiguration;
			buildSettings = {
				ALWAYS_SEARCH_USER_PATHS = NO;
				CLANG_ANALYZER_NONNULL = YES;
				CLANG_ANALYZER_NUMBER_OBJECT_CONVERSION = YES_AGGRESSIVE;
				CLANG_CXX_LANGUAGE_STANDARD = "gnu++20";
				CLANG_ENABLE_MODULES = YES;
				CLANG_ENABLE_OBJC_ARC = YES;
				CLANG_ENABLE_OBJC_WEAK = YES;
				CLANG_WARN_BLOCK_CAPTURE_AUTORELEASING = YES;
				CLANG_WARN_BOOL_CONVERSION = YES;
				CLANG_WARN_COMMA = YES;
				CLANG_WARN_CONSTANT_CONVERSION = YES;
				CLANG_WARN_DEPRECATED_OBJC_IMPLEMENTATIONS = YES;
				CLANG_WARN_DIRECT_OBJC_ISA_USAGE = YES_ERROR;
				CLANG_WARN_DOCUMENTATION_COMMENTS = YES;
				CLANG_WARN_EMPTY_BODY = YES;
				CLANG_WARN_ENUM_CONVERSION = YES;
				CLANG_WARN_INFINITE_RECURSION = YES;
				CLANG_WARN_INT_CONVERSION = YES;
				CLANG_WARN_NON_LITERAL_NULL_CONVERSION = YES;
				CLANG_WARN_OBJC_IMPLICIT_RETAIN_SELF = YES;
				CLANG_WARN_OBJC_LITERAL_CONVERSION = YES;
				CLANG_WARN_OBJC_ROOT_CLASS = YES_ERROR;
				CLANG_WARN_QUOTED_INCLUDE_IN_FRAMEWORK_HEADER = YES;
				CLANG_WARN_RANGE_LOOP_ANALYSIS = YES;
				CLANG_WARN_STRICT_PROTOTYPES = YES;
				CLANG_WARN_SUSPICIOUS_MOVE = YES;
				CLANG_WARN_UNGUARDED_AVAILABILITY = YES_AGGRESSIVE;
				CLANG_WARN_UNREACHABLE_CODE = YES;
				CLANG_WARN__DUPLICATE_METHOD_MATCH = YES;
				COPY_PHASE_STRIP = NO;
				DEBUG_INFORMATION_FORMAT = dwarf;
				ENABLE_STRICT_OBJC_MSGSEND = YES;
				ENABLE_TESTABILITY = YES;
				GCC_C_LANGUAGE_STANDARD = gnu11;
				GCC_DYNAMIC_NO_PIC = NO;
				GCC_NO_COMMON_BLOCKS = YES;
				GCC_OPTIMIZATION_LEVEL = 0;
				GCC_PREPROCESSOR_DEFINITIONS = (
					"DEBUG=1",
					"$(inherited)",
				);
				GCC_WARN_64_TO_32_BIT_CONVERSION = YES;
				GCC_WARN_ABOUT_RETURN_TYPE = YES_ERROR;
				GCC_WARN_UNDECLARED_SELECTOR = YES;
				GCC_WARN_UNINITIALIZED_AUTOS = YES_AGGRESSIVE;
				GCC_WARN_UNUSED_FUNCTION = YES;
				GCC_WARN_UNUSED_VARIABLE = YES;
				IPHONEOS_DEPLOYMENT_TARGET = 16.1;
				MTL_ENABLE_DEBUG_INFO = INCLUDE_SOURCE;
				MTL_FAST_MATH = YES;
				ONLY_ACTIVE_ARCH = YES;
				SDKROOT = iphoneos;
				SWIFT_ACTIVE_COMPILATION_CONDITIONS = DEBUG;
				SWIFT_OPTIMIZATION_LEVEL = "-Onone";
			};
			name = Debug;
		};
		62C667E2293F5DD9006750A4 /* Release */ = {
			isa = XCBuildConfiguration;
			buildSettings = {
				ALWAYS_SEARCH_USER_PATHS = NO;
				CLANG_ANALYZER_NONNULL = YES;
				CLANG_ANALYZER_NUMBER_OBJECT_CONVERSION = YES_AGGRESSIVE;
				CLANG_CXX_LANGUAGE_STANDARD = "gnu++20";
				CLANG_ENABLE_MODULES = YES;
				CLANG_ENABLE_OBJC_ARC = YES;
				CLANG_ENABLE_OBJC_WEAK = YES;
				CLANG_WARN_BLOCK_CAPTURE_AUTORELEASING = YES;
				CLANG_WARN_BOOL_CONVERSION = YES;
				CLANG_WARN_COMMA = YES;
				CLANG_WARN_CONSTANT_CONVERSION = YES;
				CLANG_WARN_DEPRECATED_OBJC_IMPLEMENTATIONS = YES;
				CLANG_WARN_DIRECT_OBJC_ISA_USAGE = YES_ERROR;
				CLANG_WARN_DOCUMENTATION_COMMENTS = YES;
				CLANG_WARN_EMPTY_BODY = YES;
				CLANG_WARN_ENUM_CONVERSION = YES;
				CLANG_WARN_INFINITE_RECURSION = YES;
				CLANG_WARN_INT_CONVERSION = YES;
				CLANG_WARN_NON_LITERAL_NULL_CONVERSION = YES;
				CLANG_WARN_OBJC_IMPLICIT_RETAIN_SELF = YES;
				CLANG_WARN_OBJC_LITERAL_CONVERSION = YES;
				CLANG_WARN_OBJC_ROOT_CLASS = YES_ERROR;
				CLANG_WARN_QUOTED_INCLUDE_IN_FRAMEWORK_HEADER = YES;
				CLANG_WARN_RANGE_LOOP_ANALYSIS = YES;
				CLANG_WARN_STRICT_PROTOTYPES = YES;
				CLANG_WARN_SUSPICIOUS_MOVE = YES;
				CLANG_WARN_UNGUARDED_AVAILABILITY = YES_AGGRESSIVE;
				CLANG_WARN_UNREACHABLE_CODE = YES;
				CLANG_WARN__DUPLICATE_METHOD_MATCH = YES;
				COPY_PHASE_STRIP = NO;
				DEBUG_INFORMATION_FORMAT = "dwarf-with-dsym";
				ENABLE_NS_ASSERTIONS = NO;
				ENABLE_STRICT_OBJC_MSGSEND = YES;
				GCC_C_LANGUAGE_STANDARD = gnu11;
				GCC_NO_COMMON_BLOCKS = YES;
				GCC_WARN_64_TO_32_BIT_CONVERSION = YES;
				GCC_WARN_ABOUT_RETURN_TYPE = YES_ERROR;
				GCC_WARN_UNDECLARED_SELECTOR = YES;
				GCC_WARN_UNINITIALIZED_AUTOS = YES_AGGRESSIVE;
				GCC_WARN_UNUSED_FUNCTION = YES;
				GCC_WARN_UNUSED_VARIABLE = YES;
				IPHONEOS_DEPLOYMENT_TARGET = 16.1;
				MTL_ENABLE_DEBUG_INFO = NO;
				MTL_FAST_MATH = YES;
				SDKROOT = iphoneos;
				SWIFT_COMPILATION_MODE = wholemodule;
				SWIFT_OPTIMIZATION_LEVEL = "-O";
				VALIDATE_PRODUCT = YES;
			};
			name = Release;
		};
		62C667E4293F5DD9006750A4 /* Debug */ = {
			isa = XCBuildConfiguration;
			buildSettings = {
				ASSETCATALOG_COMPILER_APPICON_NAME = AppIcon;
				ASSETCATALOG_COMPILER_GLOBAL_ACCENT_COLOR_NAME = AccentColor;
				CODE_SIGN_STYLE = Automatic;
				CURRENT_PROJECT_VERSION = 1;
				DEVELOPMENT_TEAM = VV4DK9PGU2;
				GENERATE_INFOPLIST_FILE = YES;
				INFOPLIST_FILE = Bankey/Info.plist;
				INFOPLIST_KEY_UIApplicationSupportsIndirectInputEvents = YES;
				INFOPLIST_KEY_UILaunchStoryboardName = LaunchScreen;
				INFOPLIST_KEY_UISupportedInterfaceOrientations_iPad = "UIInterfaceOrientationPortrait UIInterfaceOrientationPortraitUpsideDown UIInterfaceOrientationLandscapeLeft UIInterfaceOrientationLandscapeRight";
				INFOPLIST_KEY_UISupportedInterfaceOrientations_iPhone = "UIInterfaceOrientationPortrait UIInterfaceOrientationLandscapeLeft UIInterfaceOrientationLandscapeRight";
				LD_RUNPATH_SEARCH_PATHS = (
					"$(inherited)",
					"@executable_path/Frameworks",
				);
				MARKETING_VERSION = 1.0;
				PRODUCT_BUNDLE_IDENTIFIER = com.alib.Bankey;
				PRODUCT_NAME = "$(TARGET_NAME)";
				SWIFT_EMIT_LOC_STRINGS = YES;
				SWIFT_VERSION = 5.0;
				TARGETED_DEVICE_FAMILY = "1,2";
			};
			name = Debug;
		};
		62C667E5293F5DD9006750A4 /* Release */ = {
			isa = XCBuildConfiguration;
			buildSettings = {
				ASSETCATALOG_COMPILER_APPICON_NAME = AppIcon;
				ASSETCATALOG_COMPILER_GLOBAL_ACCENT_COLOR_NAME = AccentColor;
				CODE_SIGN_STYLE = Automatic;
				CURRENT_PROJECT_VERSION = 1;
				DEVELOPMENT_TEAM = VV4DK9PGU2;
				GENERATE_INFOPLIST_FILE = YES;
				INFOPLIST_FILE = Bankey/Info.plist;
				INFOPLIST_KEY_UIApplicationSupportsIndirectInputEvents = YES;
				INFOPLIST_KEY_UILaunchStoryboardName = LaunchScreen;
				INFOPLIST_KEY_UISupportedInterfaceOrientations_iPad = "UIInterfaceOrientationPortrait UIInterfaceOrientationPortraitUpsideDown UIInterfaceOrientationLandscapeLeft UIInterfaceOrientationLandscapeRight";
				INFOPLIST_KEY_UISupportedInterfaceOrientations_iPhone = "UIInterfaceOrientationPortrait UIInterfaceOrientationLandscapeLeft UIInterfaceOrientationLandscapeRight";
				LD_RUNPATH_SEARCH_PATHS = (
					"$(inherited)",
					"@executable_path/Frameworks",
				);
				MARKETING_VERSION = 1.0;
				PRODUCT_BUNDLE_IDENTIFIER = com.alib.Bankey;
				PRODUCT_NAME = "$(TARGET_NAME)";
				SWIFT_EMIT_LOC_STRINGS = YES;
				SWIFT_VERSION = 5.0;
				TARGETED_DEVICE_FAMILY = "1,2";
			};
			name = Release;
		};
/* End XCBuildConfiguration section */

/* Begin XCConfigurationList section */
		628243D32947DDE0003CB497 /* Build configuration list for PBXNativeTarget "BankeyUnitTests" */ = {
			isa = XCConfigurationList;
			buildConfigurations = (
				628243D42947DDE0003CB497 /* Debug */,
				628243D52947DDE0003CB497 /* Release */,
			);
			defaultConfigurationIsVisible = 0;
			defaultConfigurationName = Release;
		};
		62C667B4293F5DD6006750A4 /* Build configuration list for PBXProject "Bankey" */ = {
			isa = XCConfigurationList;
			buildConfigurations = (
				62C667E1293F5DD9006750A4 /* Debug */,
				62C667E2293F5DD9006750A4 /* Release */,
			);
			defaultConfigurationIsVisible = 0;
			defaultConfigurationName = Release;
		};
		62C667E3293F5DD9006750A4 /* Build configuration list for PBXNativeTarget "Bankey" */ = {
			isa = XCConfigurationList;
			buildConfigurations = (
				62C667E4293F5DD9006750A4 /* Debug */,
				62C667E5293F5DD9006750A4 /* Release */,
			);
			defaultConfigurationIsVisible = 0;
			defaultConfigurationName = Release;
		};
/* End XCConfigurationList section */
	};
	rootObject = 62C667B1293F5DD6006750A4 /* Project object */;
}
